Microsoft Visual Studio Solution File, Format Version 9.00
# Visual Studio 2005
Project("{E24C65DC-7377-472B-9ABA-BC803B73C61A}") = "d:\...\ExampleE1340\", "ExampleE1340", "{4821FDA5-1FC7-40AD-A78E-FEFFC8AC9AF8}"
	ProjectSection(WebsiteProperties) = preProject
		Debug.AspNetCompiler.VirtualPath = "/ExampleE1340"
		Debug.AspNetCompiler.PhysicalPath = "ExampleE1340\"
		Debug.AspNetCompiler.TargetPath = "PrecompiledWeb\ExampleE1340\"
		Debug.AspNetCompiler.Updateable = "true"
		Debug.AspNetCompiler.ForceOverwrite = "true"
		Debug.AspNetCompiler.FixedNames = "false"
		Debug.AspNetCompiler.Debug = "True"
		Release.AspNetCompiler.VirtualPath = "/ExampleE1340"
		Release.AspNetCompiler.PhysicalPath = "ExampleE1340\"
		Release.AspNetCompiler.TargetPath = "PrecompiledWeb\ExampleE1340\"
		Release.AspNetCompiler.Updateable = "true"
		Release.AspNetCompiler.ForceOverwrite = "true"
		Release.AspNetCompiler.FixedNames = "false"
		Release.AspNetCompiler.Debug = "False"
		VWDPort = "50192"
	EndProjectSection
EndProject
Global
	GlobalSection(SolutionConfigurationPlatforms) = preSolution
		Debug|.NET = Debug|.NET
	EndGlobalSection
	GlobalSection(ProjectConfigurationPlatforms) = postSolution
		{4821FDA5-1FC7-40AD-A78E-FEFFC8AC9AF8}.Debug|.NET.ActiveCfg = Debug|.NET
		{4821FDA5-1FC7-40AD-A78E-FEFFC8AC9AF8}.Debug|.NET.Build.0 = Debug|.NET
	EndGlobalSection
	GlobalSection(SolutionProperties) = preSolution
		HideSolutionNode = FALSE
	EndGlobalSection
EndGlobal
